# generated by rye
# use `rye lock` or `rye sync` to update this lockfile
#
# last locked with the following flags:
#   pre: false
#   features: []
#   all-features: false
#   with-sources: false

-e file:.
attrs==23.2.0
    # via flake8-bugbear
black==24.2.0
    # via mdwrap
cfgv==3.4.0
    # via pre-commit
click==8.1.7
    # via black
distlib==0.3.8
    # via virtualenv
filelock==3.13.1
    # via virtualenv
flake8==7.0.0
    # via flake8-bugbear
    # via flake8-comprehensions
    # via flake8-docstrings
    # via mdwrap
flake8-blind-except==0.2.1
    # via mdwrap
flake8-bugbear==24.2.6
    # via mdwrap
flake8-comprehensions==3.14.0
    # via mdwrap
flake8-docstrings==1.7.0
    # via mdwrap
flake8-implicit-str-concat==0.4.0
    # via mdwrap
identify==2.5.35
    # via pre-commit
isort==5.13.2
    # via mdwrap
mccabe==0.7.0
    # via flake8
mypy-extensions==1.0.0
    # via black
nodeenv==1.8.0
    # via pre-commit
packaging==23.2
    # via black
pathspec==0.12.1
    # via black
platformdirs==4.2.0
    # via black
    # via virtualenv
pre-commit==3.6.2
    # via mdwrap
pycodestyle==2.11.1
    # via flake8
pydocstyle==6.3.0
    # via flake8-docstrings
pyflakes==3.2.0
    # via flake8
pyyaml==6.0.1
    # via pre-commit
setuptools==69.1.1
    # via nodeenv
snowballstemmer==2.2.0
    # via pydocstyle
virtualenv==20.25.1
    # via pre-commit
